
Microsoft Visual Studio Solution File, Format Version 12.00
# Visual Studio 2012
Project("{FAE04EC0-301F-11D3-BF4B-00C04F79EFBC}") = "ProjectEuler", "ProjectEuler.csproj", "{AC9DF489-1B9D-40FB-91FD-77C2933D4C78}"
EndProject
Global
	GlobalSection(SolutionConfigurationPlatforms) = preSolution
		Debug|Any CPU = Debug|Any CPU
		Debug|Mixed Platforms = Debug|Mixed Platforms
		Debug|Win32 = Debug|Win32
		Release|Any CPU = Release|Any CPU
		Release|Mixed Platforms = Release|Mixed Platforms
		Release|Win32 = Release|Win32
	EndGlobalSection
	GlobalSection(ProjectConfigurationPlatforms) = postSolution
		{AC9DF489-1B9D-40FB-91FD-77C2933D4C78}.Debug|Any CPU.ActiveCfg = Debug|Any CPU
		{AC9DF489-1B9D-40FB-91FD-77C2933D4C78}.Debug|Any CPU.Build.0 = Debug|Any CPU
		{AC9DF489-1B9D-40FB-91FD-77C2933D4C78}.Debug|Mixed Platforms.ActiveCfg = Debug|Any CPU
		{AC9DF489-1B9D-40FB-91FD-77C2933D4C78}.Debug|Mixed Platforms.Build.0 = Debug|Any CPU
		{AC9DF489-1B9D-40FB-91FD-77C2933D4C78}.Debug|Win32.ActiveCfg = Debug|Any CPU
		{AC9DF489-1B9D-40FB-91FD-77C2933D4C78}.Release|Any CPU.ActiveCfg = Release|Any CPU
		{AC9DF489-1B9D-40FB-91FD-77C2933D4C78}.Release|Any CPU.Build.0 = Release|Any CPU
		{AC9DF489-1B9D-40FB-91FD-77C2933D4C78}.Release|Mixed Platforms.ActiveCfg = Release|Any CPU
		{AC9DF489-1B9D-40FB-91FD-77C2933D4C78}.Release|Mixed Platforms.Build.0 = Release|Any CPU
		{AC9DF489-1B9D-40FB-91FD-77C2933D4C78}.Release|Win32.ActiveCfg = Release|Any CPU
	EndGlobalSection
	GlobalSection(SolutionProperties) = preSolution
		HideSolutionNode = FALSE
	EndGlobalSection
EndGlobal
