// !$*UTF8*$!
{
	archiveVersion = 1;
	classes = {
	};
	objectVersion = 46;
	objects = {

/* Begin PBXBuildFile section */
		7B17416A1DA827EF004A38C3 /* main.cpp in Sources */ = {isa = PBXBuildFile; fileRef = 7B1741691DA827EF004A38C3 /* main.cpp */; };
		7B1741721DA8280E004A38C3 /* Problem81.cpp in Sources */ = {isa = PBXBuildFile; fileRef = 7B1741701DA8280E004A38C3 /* Problem81.cpp */; };
		7B1741771DAABC8E004A38C3 /* Problem99.cpp in Sources */ = {isa = PBXBuildFile; fileRef = 7B1741751DAABC8E004A38C3 /* Problem99.cpp */; };
		7BE5A4AA1DAC428100C1B642 /* Problem62.cpp in Sources */ = {isa = PBXBuildFile; fileRef = 7BE5A4A81DAC428100C1B642 /* Problem62.cpp */; };
		7BE5A4AD1DAD135300C1B642 /* Problem65.cpp in Sources */ = {isa = PBXBuildFile; fileRef = 7BE5A4AB1DAD135300C1B642 /* Problem65.cpp */; };
		7BE5A4B01DAD17E600C1B642 /* BigInteger.cpp in Sources */ = {isa = PBXBuildFile; fileRef = 7BE5A4AE1DAD17E600C1B642 /* BigInteger.cpp */; };
/* End PBXBuildFile section */

/* Begin PBXCopyFilesBuildPhase section */
		7B1741641DA827EF004A38C3 /* CopyFiles */ = {
			isa = PBXCopyFilesBuildPhase;
			buildActionMask = 2147483647;
			dstPath = /usr/share/man/man1/;
			dstSubfolderSpec = 0;
			files = (
			);
			runOnlyForDeploymentPostprocessing = 1;
		};
/* End PBXCopyFilesBuildPhase section */

/* Begin PBXFileReference section */
		7B1741661DA827EF004A38C3 /* ProjectEuler */ = {isa = PBXFileReference; explicitFileType = "compiled.mach-o.executable"; includeInIndex = 0; path = ProjectEuler; sourceTree = BUILT_PRODUCTS_DIR; };
		7B1741691DA827EF004A38C3 /* main.cpp */ = {isa = PBXFileReference; lastKnownFileType = sourcecode.cpp.cpp; path = main.cpp; sourceTree = "<group>"; };
		7B1741701DA8280E004A38C3 /* Problem81.cpp */ = {isa = PBXFileReference; fileEncoding = 4; lastKnownFileType = sourcecode.cpp.cpp; path = Problem81.cpp; sourceTree = "<group>"; };
		7B1741711DA8280E004A38C3 /* Problem81.h */ = {isa = PBXFileReference; fileEncoding = 4; lastKnownFileType = sourcecode.c.h; path = Problem81.h; sourceTree = "<group>"; };
		7B1741731DA82848004A38C3 /* p81data.txt */ = {isa = PBXFileReference; fileEncoding = 4; lastKnownFileType = text; name = p81data.txt; path = ../../../../../../../../github/ProjectEuler/ProjectEuler/ProjectEuler/p81data.txt; sourceTree = BUILT_PRODUCTS_DIR; };
		7B1741751DAABC8E004A38C3 /* Problem99.cpp */ = {isa = PBXFileReference; fileEncoding = 4; lastKnownFileType = sourcecode.cpp.cpp; path = Problem99.cpp; sourceTree = "<group>"; };
		7B1741761DAABC8E004A38C3 /* Problem99.h */ = {isa = PBXFileReference; fileEncoding = 4; lastKnownFileType = sourcecode.c.h; path = Problem99.h; sourceTree = "<group>"; };
		7B1741781DAAC053004A38C3 /* p099_base_exp.txt */ = {isa = PBXFileReference; fileEncoding = 4; lastKnownFileType = text; path = p099_base_exp.txt; sourceTree = "<group>"; };
		7BE5A4A81DAC428100C1B642 /* Problem62.cpp */ = {isa = PBXFileReference; fileEncoding = 4; lastKnownFileType = sourcecode.cpp.cpp; path = Problem62.cpp; sourceTree = "<group>"; };
		7BE5A4A91DAC428100C1B642 /* Problem62.h */ = {isa = PBXFileReference; fileEncoding = 4; lastKnownFileType = sourcecode.c.h; path = Problem62.h; sourceTree = "<group>"; };
		7BE5A4AB1DAD135300C1B642 /* Problem65.cpp */ = {isa = PBXFileReference; fileEncoding = 4; lastKnownFileType = sourcecode.cpp.cpp; path = Problem65.cpp; sourceTree = "<group>"; };
		7BE5A4AC1DAD135300C1B642 /* Problem65.h */ = {isa = PBXFileReference; fileEncoding = 4; lastKnownFileType = sourcecode.c.h; path = Problem65.h; sourceTree = "<group>"; };
		7BE5A4AE1DAD17E600C1B642 /* BigInteger.cpp */ = {isa = PBXFileReference; fileEncoding = 4; lastKnownFileType = sourcecode.cpp.cpp; path = BigInteger.cpp; sourceTree = "<group>"; };
		7BE5A4AF1DAD17E600C1B642 /* BigInteger.h */ = {isa = PBXFileReference; fileEncoding = 4; lastKnownFileType = sourcecode.c.h; path = BigInteger.h; sourceTree = "<group>"; };
/* End PBXFileReference section */

/* Begin PBXFrameworksBuildPhase section */
		7B1741631DA827EF004A38C3 /* Frameworks */ = {
			isa = PBXFrameworksBuildPhase;
			buildActionMask = 2147483647;
			files = (
			);
			runOnlyForDeploymentPostprocessing = 0;
		};
/* End PBXFrameworksBuildPhase section */

/* Begin PBXGroup section */
		7B17415D1DA827EF004A38C3 = {
			isa = PBXGroup;
			children = (
				7B1741681DA827EF004A38C3 /* ProjectEuler */,
				7B1741671DA827EF004A38C3 /* Products */,
			);
			sourceTree = "<group>";
		};
		7B1741671DA827EF004A38C3 /* Products */ = {
			isa = PBXGroup;
			children = (
				7B1741661DA827EF004A38C3 /* ProjectEuler */,
			);
			name = Products;
			sourceTree = "<group>";
		};
		7B1741681DA827EF004A38C3 /* ProjectEuler */ = {
			isa = PBXGroup;
			children = (
				7BE5A4AE1DAD17E600C1B642 /* BigInteger.cpp */,
				7BE5A4AF1DAD17E600C1B642 /* BigInteger.h */,
				7B1741691DA827EF004A38C3 /* main.cpp */,
				7B1741701DA8280E004A38C3 /* Problem81.cpp */,
				7B1741711DA8280E004A38C3 /* Problem81.h */,
				7B1741731DA82848004A38C3 /* p81data.txt */,
				7B1741751DAABC8E004A38C3 /* Problem99.cpp */,
				7B1741761DAABC8E004A38C3 /* Problem99.h */,
				7B1741781DAAC053004A38C3 /* p099_base_exp.txt */,
				7BE5A4A81DAC428100C1B642 /* Problem62.cpp */,
				7BE5A4A91DAC428100C1B642 /* Problem62.h */,
				7BE5A4AB1DAD135300C1B642 /* Problem65.cpp */,
				7BE5A4AC1DAD135300C1B642 /* Problem65.h */,
			);
			path = ProjectEuler;
			sourceTree = "<group>";
		};
/* End PBXGroup section */

/* Begin PBXNativeTarget section */
		7B1741651DA827EF004A38C3 /* ProjectEuler */ = {
			isa = PBXNativeTarget;
			buildConfigurationList = 7B17416D1DA827EF004A38C3 /* Build configuration list for PBXNativeTarget "ProjectEuler" */;
			buildPhases = (
				7B1741621DA827EF004A38C3 /* Sources */,
				7B1741631DA827EF004A38C3 /* Frameworks */,
				7B1741641DA827EF004A38C3 /* CopyFiles */,
			);
			buildRules = (
			);
			dependencies = (
			);
			name = ProjectEuler;
			productName = ProjectEuler;
			productReference = 7B1741661DA827EF004A38C3 /* ProjectEuler */;
			productType = "com.apple.product-type.tool";
		};
/* End PBXNativeTarget section */

/* Begin PBXProject section */
		7B17415E1DA827EF004A38C3 /* Project object */ = {
			isa = PBXProject;
			attributes = {
				LastUpgradeCheck = 0730;
				ORGANIZATIONNAME = "Andrew Meyers";
				TargetAttributes = {
					7B1741651DA827EF004A38C3 = {
						CreatedOnToolsVersion = 7.3.1;
					};
				};
			};
			buildConfigurationList = 7B1741611DA827EF004A38C3 /* Build configuration list for PBXProject "ProjectEuler" */;
			compatibilityVersion = "Xcode 3.2";
			developmentRegion = English;
			hasScannedForEncodings = 0;
			knownRegions = (
				en,
			);
			mainGroup = 7B17415D1DA827EF004A38C3;
			productRefGroup = 7B1741671DA827EF004A38C3 /* Products */;
			projectDirPath = "";
			projectRoot = "";
			targets = (
				7B1741651DA827EF004A38C3 /* ProjectEuler */,
			);
		};
/* End PBXProject section */

/* Begin PBXSourcesBuildPhase section */
		7B1741621DA827EF004A38C3 /* Sources */ = {
			isa = PBXSourcesBuildPhase;
			buildActionMask = 2147483647;
			files = (
				7B1741721DA8280E004A38C3 /* Problem81.cpp in Sources */,
				7BE5A4AD1DAD135300C1B642 /* Problem65.cpp in Sources */,
				7B1741771DAABC8E004A38C3 /* Problem99.cpp in Sources */,
				7BE5A4B01DAD17E600C1B642 /* BigInteger.cpp in Sources */,
				7B17416A1DA827EF004A38C3 /* main.cpp in Sources */,
				7BE5A4AA1DAC428100C1B642 /* Problem62.cpp in Sources */,
			);
			runOnlyForDeploymentPostprocessing = 0;
		};
/* End PBXSourcesBuildPhase section */

/* Begin XCBuildConfiguration section */
		7B17416B1DA827EF004A38C3 /* Debug */ = {
			isa = XCBuildConfiguration;
			buildSettings = {
				ALWAYS_SEARCH_USER_PATHS = NO;
				CLANG_ANALYZER_NONNULL = YES;
				CLANG_CXX_LANGUAGE_STANDARD = "gnu++0x";
				CLANG_CXX_LIBRARY = "libc++";
				CLANG_ENABLE_MODULES = YES;
				CLANG_ENABLE_OBJC_ARC = YES;
				CLANG_WARN_BOOL_CONVERSION = YES;
				CLANG_WARN_CONSTANT_CONVERSION = YES;
				CLANG_WARN_DIRECT_OBJC_ISA_USAGE = YES_ERROR;
				CLANG_WARN_EMPTY_BODY = YES;
				CLANG_WARN_ENUM_CONVERSION = YES;
				CLANG_WARN_INT_CONVERSION = YES;
				CLANG_WARN_OBJC_ROOT_CLASS = YES_ERROR;
				CLANG_WARN_UNREACHABLE_CODE = YES;
				CLANG_WARN__DUPLICATE_METHOD_MATCH = YES;
				CODE_SIGN_IDENTITY = "-";
				COPY_PHASE_STRIP = NO;
				DEBUG_INFORMATION_FORMAT = dwarf;
				ENABLE_STRICT_OBJC_MSGSEND = YES;
				ENABLE_TESTABILITY = YES;
				GCC_C_LANGUAGE_STANDARD = gnu99;
				GCC_DYNAMIC_NO_PIC = NO;
				GCC_NO_COMMON_BLOCKS = YES;
				GCC_OPTIMIZATION_LEVEL = 0;
				GCC_PREPROCESSOR_DEFINITIONS = (
					"DEBUG=1",
					"$(inherited)",
				);
				GCC_WARN_64_TO_32_BIT_CONVERSION = YES;
				GCC_WARN_ABOUT_RETURN_TYPE = YES_ERROR;
				GCC_WARN_UNDECLARED_SELECTOR = YES;
				GCC_WARN_UNINITIALIZED_AUTOS = YES_AGGRESSIVE;
				GCC_WARN_UNUSED_FUNCTION = YES;
				GCC_WARN_UNUSED_VARIABLE = YES;
				MACOSX_DEPLOYMENT_TARGET = 10.11;
				MTL_ENABLE_DEBUG_INFO = YES;
				ONLY_ACTIVE_ARCH = YES;
				SDKROOT = macosx;
			};
			name = Debug;
		};
		7B17416C1DA827EF004A38C3 /* Release */ = {
			isa = XCBuildConfiguration;
			buildSettings = {
				ALWAYS_SEARCH_USER_PATHS = NO;
				CLANG_ANALYZER_NONNULL = YES;
				CLANG_CXX_LANGUAGE_STANDARD = "gnu++0x";
				CLANG_CXX_LIBRARY = "libc++";
				CLANG_ENABLE_MODULES = YES;
				CLANG_ENABLE_OBJC_ARC = YES;
				CLANG_WARN_BOOL_CONVERSION = YES;
				CLANG_WARN_CONSTANT_CONVERSION = YES;
				CLANG_WARN_DIRECT_OBJC_ISA_USAGE = YES_ERROR;
				CLANG_WARN_EMPTY_BODY = YES;
				CLANG_WARN_ENUM_CONVERSION = YES;
				CLANG_WARN_INT_CONVERSION = YES;
				CLANG_WARN_OBJC_ROOT_CLASS = YES_ERROR;
				CLANG_WARN_UNREACHABLE_CODE = YES;
				CLANG_WARN__DUPLICATE_METHOD_MATCH = YES;
				CODE_SIGN_IDENTITY = "-";
				COPY_PHASE_STRIP = NO;
				DEBUG_INFORMATION_FORMAT = "dwarf-with-dsym";
				ENABLE_NS_ASSERTIONS = NO;
				ENABLE_STRICT_OBJC_MSGSEND = YES;
				GCC_C_LANGUAGE_STANDARD = gnu99;
				GCC_NO_COMMON_BLOCKS = YES;
				GCC_WARN_64_TO_32_BIT_CONVERSION = YES;
				GCC_WARN_ABOUT_RETURN_TYPE = YES_ERROR;
				GCC_WARN_UNDECLARED_SELECTOR = YES;
				GCC_WARN_UNINITIALIZED_AUTOS = YES_AGGRESSIVE;
				GCC_WARN_UNUSED_FUNCTION = YES;
				GCC_WARN_UNUSED_VARIABLE = YES;
				MACOSX_DEPLOYMENT_TARGET = 10.11;
				MTL_ENABLE_DEBUG_INFO = NO;
				SDKROOT = macosx;
			};
			name = Release;
		};
		7B17416E1DA827EF004A38C3 /* Debug */ = {
			isa = XCBuildConfiguration;
			buildSettings = {
				PRODUCT_NAME = "$(TARGET_NAME)";
			};
			name = Debug;
		};
		7B17416F1DA827EF004A38C3 /* Release */ = {
			isa = XCBuildConfiguration;
			buildSettings = {
				PRODUCT_NAME = "$(TARGET_NAME)";
			};
			name = Release;
		};
/* End XCBuildConfiguration section */

/* Begin XCConfigurationList section */
		7B1741611DA827EF004A38C3 /* Build configuration list for PBXProject "ProjectEuler" */ = {
			isa = XCConfigurationList;
			buildConfigurations = (
				7B17416B1DA827EF004A38C3 /* Debug */,
				7B17416C1DA827EF004A38C3 /* Release */,
			);
			defaultConfigurationIsVisible = 0;
			defaultConfigurationName = Release;
		};
		7B17416D1DA827EF004A38C3 /* Build configuration list for PBXNativeTarget "ProjectEuler" */ = {
			isa = XCConfigurationList;
			buildConfigurations = (
				7B17416E1DA827EF004A38C3 /* Debug */,
				7B17416F1DA827EF004A38C3 /* Release */,
			);
			defaultConfigurationIsVisible = 0;
			defaultConfigurationName = Release;
		};
/* End XCConfigurationList section */
	};
	rootObject = 7B17415E1DA827EF004A38C3 /* Project object */;
}
